
Microsoft Visual Studio Solution File, Format Version 12.00
# Visual Studio Version 17
VisualStudioVersion = 17.7.34024.191
MinimumVisualStudioVersion = 10.0.40219.1
Project("{9A19103F-16F7-4668-BE54-9A1E7A4F7556}") = "SpicyWorld", "SpicyWorld\SpicyWorld.csproj", "{BDE9A3EA-8AFC-44EE-9C58-66CB8399AE72}"
EndProject
Project("{9A19103F-16F7-4668-BE54-9A1E7A4F7556}") = "SpicyRazorTemp", "SpicyRazorTemp\SpicyRazorTemp.csproj", "{9609124D-2AE9-4E30-8DD7-F642A45BF179}"
EndProject
Global
	GlobalSection(SolutionConfigurationPlatforms) = preSolution
		Debug|Any CPU = Debug|Any CPU
		Release|Any CPU = Release|Any CPU
	EndGlobalSection
	GlobalSection(ProjectConfigurationPlatforms) = postSolution
		{BDE9A3EA-8AFC-44EE-9C58-66CB8399AE72}.Debug|Any CPU.ActiveCfg = Debug|Any CPU
		{BDE9A3EA-8AFC-44EE-9C58-66CB8399AE72}.Debug|Any CPU.Build.0 = Debug|Any CPU
		{BDE9A3EA-8AFC-44EE-9C58-66CB8399AE72}.Release|Any CPU.ActiveCfg = Release|Any CPU
		{BDE9A3EA-8AFC-44EE-9C58-66CB8399AE72}.Release|Any CPU.Build.0 = Release|Any CPU
		{9609124D-2AE9-4E30-8DD7-F642A45BF179}.Debug|Any CPU.ActiveCfg = Debug|Any CPU
		{9609124D-2AE9-4E30-8DD7-F642A45BF179}.Debug|Any CPU.Build.0 = Debug|Any CPU
		{9609124D-2AE9-4E30-8DD7-F642A45BF179}.Release|Any CPU.ActiveCfg = Release|Any CPU
		{9609124D-2AE9-4E30-8DD7-F642A45BF179}.Release|Any CPU.Build.0 = Release|Any CPU
	EndGlobalSection
	GlobalSection(SolutionProperties) = preSolution
		HideSolutionNode = FALSE
	EndGlobalSection
	GlobalSection(ExtensibilityGlobals) = postSolution
		SolutionGuid = {40AC4B2D-528E-46A6-B41D-9F14C2357464}
	EndGlobalSection
EndGlobal
